
Microsoft Visual Studio Solution File, Format Version 12.00
Project("{FAE04EC0-301F-11D3-BF4B-00C04F79EFBC}") = "day1", "day1\day1.csproj", "{153E9A06-6058-4DF1-9AAF-44EDF9F066F9}"
EndProject
Project("{FAE04EC0-301F-11D3-BF4B-00C04F79EFBC}") = "day2", "day2\day2.csproj", "{84CCBE84-36A0-4646-950C-A398908039C8}"
EndProject
Project("{FAE04EC0-301F-11D3-BF4B-00C04F79EFBC}") = "day3", "day3\day3.csproj", "{77FCC2C0-23D3-4F8F-9845-B22CDFDBB408}"
EndProject
Global
	GlobalSection(SolutionConfigurationPlatforms) = preSolution
		Debug|Any CPU = Debug|Any CPU
		Release|Any CPU = Release|Any CPU
	EndGlobalSection
	GlobalSection(ProjectConfigurationPlatforms) = postSolution
		{153E9A06-6058-4DF1-9AAF-44EDF9F066F9}.Debug|Any CPU.ActiveCfg = Debug|Any CPU
		{153E9A06-6058-4DF1-9AAF-44EDF9F066F9}.Debug|Any CPU.Build.0 = Debug|Any CPU
		{153E9A06-6058-4DF1-9AAF-44EDF9F066F9}.Release|Any CPU.ActiveCfg = Release|Any CPU
		{153E9A06-6058-4DF1-9AAF-44EDF9F066F9}.Release|Any CPU.Build.0 = Release|Any CPU
		{84CCBE84-36A0-4646-950C-A398908039C8}.Debug|Any CPU.ActiveCfg = Debug|Any CPU
		{84CCBE84-36A0-4646-950C-A398908039C8}.Debug|Any CPU.Build.0 = Debug|Any CPU
		{84CCBE84-36A0-4646-950C-A398908039C8}.Release|Any CPU.ActiveCfg = Release|Any CPU
		{84CCBE84-36A0-4646-950C-A398908039C8}.Release|Any CPU.Build.0 = Release|Any CPU
		{77FCC2C0-23D3-4F8F-9845-B22CDFDBB408}.Debug|Any CPU.ActiveCfg = Debug|Any CPU
		{77FCC2C0-23D3-4F8F-9845-B22CDFDBB408}.Debug|Any CPU.Build.0 = Debug|Any CPU
		{77FCC2C0-23D3-4F8F-9845-B22CDFDBB408}.Release|Any CPU.ActiveCfg = Release|Any CPU
		{77FCC2C0-23D3-4F8F-9845-B22CDFDBB408}.Release|Any CPU.Build.0 = Release|Any CPU
	EndGlobalSection
EndGlobal
